
Microsoft Visual Studio Solution File, Format Version 12.00
# Visual Studio Version 17
VisualStudioVersion = 17.5.33530.505
MinimumVisualStudioVersion = 10.0.40219.1
Project("{9A19103F-16F7-4668-BE54-9A1E7A4F7556}") = "InMemoryApp.Web", "InMemoryApp.Web\InMemoryApp.Web.csproj", "{57818002-36D7-4C37-94C7-84206360494E}"
EndProject
Project("{9A19103F-16F7-4668-BE54-9A1E7A4F7556}") = "IDistributedCacheRedisApp.Web", "IDistributedCacheREdisApp.Web\IDistributedCacheRedisApp.Web.csproj", "{F7F806E7-878F-46D8-9BA8-20740ADC2709}"
EndProject
Project("{FAE04EC0-301F-11D3-BF4B-00C04F79EFBC}") = "RedisExchangeAPI.Web", "RedisExchangeAPI.Web\RedisExchangeAPI.Web.csproj", "{325F1BFA-7DCA-4ED5-92C8-1D824DF4A454}"
EndProject
Global
	GlobalSection(SolutionConfigurationPlatforms) = preSolution
		Debug|Any CPU = Debug|Any CPU
		Release|Any CPU = Release|Any CPU
	EndGlobalSection
	GlobalSection(ProjectConfigurationPlatforms) = postSolution
		{57818002-36D7-4C37-94C7-84206360494E}.Debug|Any CPU.ActiveCfg = Debug|Any CPU
		{57818002-36D7-4C37-94C7-84206360494E}.Debug|Any CPU.Build.0 = Debug|Any CPU
		{57818002-36D7-4C37-94C7-84206360494E}.Release|Any CPU.ActiveCfg = Release|Any CPU
		{57818002-36D7-4C37-94C7-84206360494E}.Release|Any CPU.Build.0 = Release|Any CPU
		{F7F806E7-878F-46D8-9BA8-20740ADC2709}.Debug|Any CPU.ActiveCfg = Debug|Any CPU
		{F7F806E7-878F-46D8-9BA8-20740ADC2709}.Debug|Any CPU.Build.0 = Debug|Any CPU
		{F7F806E7-878F-46D8-9BA8-20740ADC2709}.Release|Any CPU.ActiveCfg = Release|Any CPU
		{F7F806E7-878F-46D8-9BA8-20740ADC2709}.Release|Any CPU.Build.0 = Release|Any CPU
		{325F1BFA-7DCA-4ED5-92C8-1D824DF4A454}.Debug|Any CPU.ActiveCfg = Debug|Any CPU
		{325F1BFA-7DCA-4ED5-92C8-1D824DF4A454}.Debug|Any CPU.Build.0 = Debug|Any CPU
		{325F1BFA-7DCA-4ED5-92C8-1D824DF4A454}.Release|Any CPU.ActiveCfg = Release|Any CPU
		{325F1BFA-7DCA-4ED5-92C8-1D824DF4A454}.Release|Any CPU.Build.0 = Release|Any CPU
	EndGlobalSection
	GlobalSection(SolutionProperties) = preSolution
		HideSolutionNode = FALSE
	EndGlobalSection
	GlobalSection(ExtensibilityGlobals) = postSolution
		SolutionGuid = {D5557E01-3664-4EF1-B440-C0F19F6B14B5}
	EndGlobalSection
EndGlobal
